
Microsoft Visual Studio Solution File, Format Version 12.00
# Visual Studio Version 17
VisualStudioVersion = 17.2.32602.215
MinimumVisualStudioVersion = 10.0.40219.1
Project("{FAE04EC0-301F-11D3-BF4B-00C04F79EFBC}") = "WpfWolfStore", "WpfWolfStore\WpfWolfStore.csproj", "{43694458-2676-4879-93F5-578BEE84E585}"
EndProject
Global
	GlobalSection(SolutionConfigurationPlatforms) = preSolution
		Debug|Any CPU = Debug|Any CPU
		Release|Any CPU = Release|Any CPU
	EndGlobalSection
	GlobalSection(ProjectConfigurationPlatforms) = postSolution
		{43694458-2676-4879-93F5-578BEE84E585}.Debug|Any CPU.ActiveCfg = Debug|Any CPU
		{43694458-2676-4879-93F5-578BEE84E585}.Debug|Any CPU.Build.0 = Debug|Any CPU
		{43694458-2676-4879-93F5-578BEE84E585}.Release|Any CPU.ActiveCfg = Release|Any CPU
		{43694458-2676-4879-93F5-578BEE84E585}.Release|Any CPU.Build.0 = Release|Any CPU
	EndGlobalSection
	GlobalSection(SolutionProperties) = preSolution
		HideSolutionNode = FALSE
	EndGlobalSection
	GlobalSection(ExtensibilityGlobals) = postSolution
		SolutionGuid = {FAC581FD-DC98-4A70-B884-70258C3A2321}
	EndGlobalSection
EndGlobal
